
Microsoft Visual Studio Solution File, Format Version 12.00
# Visual Studio Version 17
VisualStudioVersion = 17.1.32407.343
MinimumVisualStudioVersion = 10.0.40219.1
Project("{9A19103F-16F7-4668-BE54-9A1E7A4F7556}") = "conductor", "conductor\conductor.csproj", "{484E1F92-C9E0-45BD-95E2-BEEACDF638D1}"
EndProject
Project("{9A19103F-16F7-4668-BE54-9A1E7A4F7556}") = "conductor.tests", "conductor.tests\conductor.tests.csproj", "{03D70047-F1B9-4385-BD80-BD652F5A3240}"
EndProject
Project("{2150E333-8FDC-42A3-9474-1A3956D46DE8}") = "Solution Items", "Solution Items", "{F110892D-0298-44A3-9968-02BFBFB00EE9}"
	ProjectSection(SolutionItems) = preProject
		CompleteRunsettings.runsettings = CompleteRunsettings.runsettings
	EndProjectSection
EndProject
Global
	GlobalSection(SolutionConfigurationPlatforms) = preSolution
		Debug|Any CPU = Debug|Any CPU
		Release|Any CPU = Release|Any CPU
	EndGlobalSection
	GlobalSection(ProjectConfigurationPlatforms) = postSolution
		{484E1F92-C9E0-45BD-95E2-BEEACDF638D1}.Debug|Any CPU.ActiveCfg = Debug|Any CPU
		{484E1F92-C9E0-45BD-95E2-BEEACDF638D1}.Debug|Any CPU.Build.0 = Debug|Any CPU
		{484E1F92-C9E0-45BD-95E2-BEEACDF638D1}.Release|Any CPU.ActiveCfg = Release|Any CPU
		{484E1F92-C9E0-45BD-95E2-BEEACDF638D1}.Release|Any CPU.Build.0 = Release|Any CPU
		{03D70047-F1B9-4385-BD80-BD652F5A3240}.Debug|Any CPU.ActiveCfg = Debug|Any CPU
		{03D70047-F1B9-4385-BD80-BD652F5A3240}.Debug|Any CPU.Build.0 = Debug|Any CPU
		{03D70047-F1B9-4385-BD80-BD652F5A3240}.Release|Any CPU.ActiveCfg = Release|Any CPU
		{03D70047-F1B9-4385-BD80-BD652F5A3240}.Release|Any CPU.Build.0 = Release|Any CPU
	EndGlobalSection
	GlobalSection(SolutionProperties) = preSolution
		HideSolutionNode = FALSE
	EndGlobalSection
	GlobalSection(ExtensibilityGlobals) = postSolution
		SolutionGuid = {0EFB16EB-C926-49DF-A2AA-5BB4E4CAAE3F}
	EndGlobalSection
EndGlobal
